
Microsoft Visual Studio Solution File, Format Version 12.00
# Visual Studio Version 17
VisualStudioVersion = 17.14.36203.30 d17.14
MinimumVisualStudioVersion = 10.0.40219.1
Project("{FAE04EC0-301F-11D3-BF4B-00C04F79EFBC}") = "ScriptForLanding", "ScriptForLanding\ScriptForLanding.csproj", "{12454C29-D1A7-4AC2-8168-177B3BED7845}"
EndProject
Global
	GlobalSection(SolutionConfigurationPlatforms) = preSolution
		Debug|Any CPU = Debug|Any CPU
		Release|Any CPU = Release|Any CPU
	EndGlobalSection
	GlobalSection(ProjectConfigurationPlatforms) = postSolution
		{12454C29-D1A7-4AC2-8168-177B3BED7845}.Debug|Any CPU.ActiveCfg = Debug|Any CPU
		{12454C29-D1A7-4AC2-8168-177B3BED7845}.Debug|Any CPU.Build.0 = Debug|Any CPU
		{12454C29-D1A7-4AC2-8168-177B3BED7845}.Release|Any CPU.ActiveCfg = Release|Any CPU
		{12454C29-D1A7-4AC2-8168-177B3BED7845}.Release|Any CPU.Build.0 = Release|Any CPU
	EndGlobalSection
	GlobalSection(SolutionProperties) = preSolution
		HideSolutionNode = FALSE
	EndGlobalSection
	GlobalSection(ExtensibilityGlobals) = postSolution
		SolutionGuid = {78170838-7495-4B1B-BB92-7A4BBA787739}
	EndGlobalSection
EndGlobal
